
Microsoft Visual Studio Solution File, Format Version 12.00
# Visual Studio Version 16
VisualStudioVersion = 16.0.33529.622
MinimumVisualStudioVersion = 10.0.40219.1
Project("{FAE04EC0-301F-11D3-BF4B-00C04F79EFBC}") = "Production", "Production.csproj", "{4F4CB9A3-26FE-4B57-A011-CD44F5FD519A}"
EndProject
Global
	GlobalSection(SolutionConfigurationPlatforms) = preSolution
		Debug|Any CPU = Debug|Any CPU
		Release|Any CPU = Release|Any CPU
	EndGlobalSection
	GlobalSection(ProjectConfigurationPlatforms) = postSolution
		{4F4CB9A3-26FE-4B57-A011-CD44F5FD519A}.Debug|Any CPU.ActiveCfg = Debug|Any CPU
		{4F4CB9A3-26FE-4B57-A011-CD44F5FD519A}.Debug|Any CPU.Build.0 = Debug|Any CPU
		{4F4CB9A3-26FE-4B57-A011-CD44F5FD519A}.Release|Any CPU.ActiveCfg = Release|Any CPU
		{4F4CB9A3-26FE-4B57-A011-CD44F5FD519A}.Release|Any CPU.Build.0 = Release|Any CPU
	EndGlobalSection
	GlobalSection(SolutionProperties) = preSolution
		HideSolutionNode = FALSE
	EndGlobalSection
	GlobalSection(ExtensibilityGlobals) = postSolution
		SolutionGuid = {EA01619E-4083-4ECE-B35F-6D332D2C40DB}
	EndGlobalSection
EndGlobal
